PODS:
  - BxObjC/Common (1.1.32)
  - BxObjC/Control/Navigation (1.1.32):
    - BxObjC/Common
    - BxObjC/Control/ShakeAnimation
  - BxObjC/Control/Rate (1.1.32)
  - BxObjC/Control/ShakeAnimation (1.1.32)
  - BxObjC/Control/TextView (1.1.32)
  - BxTextField (1.2.5)

DEPENDENCIES:
  - BxObjC/Common
  - BxObjC/Control/Navigation
  - BxObjC/Control/Rate
  - BxObjC/Control/ShakeAnimation
  - BxObjC/Control/TextView
  - BxTextField (from `https://github.com/TheMadBug/BxTextField.git`, branch `feature/swift4`)

EXTERNAL SOURCES:
  BxTextField:
    :branch: feature/swift4
    :git: https://github.com/TheMadBug/BxTextField.git

CHECKOUT OPTIONS:
  BxTextField:
    :commit: 86d389b714ba778fe01f9b295ecebb79f2201a74
    :git: https://github.com/TheMadBug/BxTextField.git

SPEC CHECKSUMS:
  BxObjC: 7b4eda2888c733ab7c69e85d049805a90528d137
  BxTextField: 7eb4397a73909c91d6db4f2218898dfaf5b67f44

PODFILE CHECKSUM: ef6c9692320d3084419de6f370a4055f5a208ab5

COCOAPODS: 1.3.1
